
Microsoft Visual Studio Solution File, Format Version 12.00
# Visual Studio Version 16
VisualStudioVersion = 16.0.32428.217
MinimumVisualStudioVersion = 10.0.40219.1
Project("{FAE04EC0-301F-11D3-BF4B-00C04F79EFBC}") = "BigSchool_HuynhTanHuy", "BigSchool_HuynhTanHuy\BigSchool_HuynhTanHuy.csproj", "{BE8FD6A0-3A9E-4185-B285-35B83AC22579}"
EndProject
Global
	GlobalSection(SolutionConfigurationPlatforms) = preSolution
		Debug|Any CPU = Debug|Any CPU
		Release|Any CPU = Release|Any CPU
	EndGlobalSection
	GlobalSection(ProjectConfigurationPlatforms) = postSolution
		{BE8FD6A0-3A9E-4185-B285-35B83AC22579}.Debug|Any CPU.ActiveCfg = Debug|Any CPU
		{BE8FD6A0-3A9E-4185-B285-35B83AC22579}.Debug|Any CPU.Build.0 = Debug|Any CPU
		{BE8FD6A0-3A9E-4185-B285-35B83AC22579}.Release|Any CPU.ActiveCfg = Release|Any CPU
		{BE8FD6A0-3A9E-4185-B285-35B83AC22579}.Release|Any CPU.Build.0 = Release|Any CPU
	EndGlobalSection
	GlobalSection(SolutionProperties) = preSolution
		HideSolutionNode = FALSE
	EndGlobalSection
	GlobalSection(ExtensibilityGlobals) = postSolution
		SolutionGuid = {EFD046F0-6E95-4815-BFB2-08DD92699419}
	EndGlobalSection
EndGlobal
